// !$*UTF8*$!
{
	archiveVersion = 1;
	classes = {
	};
	objectVersion = 56;
	objects = {

/* Begin PBXBuildFile section */
		32C032B92C85B3C300BBC249 /* AppDelegate.swift in Sources */ = {isa = PBXBuildFile; fileRef = 32C032B82C85B3C300BBC249 /* AppDelegate.swift */; };
		32C032BB2C85B3C300BBC249 /* SceneDelegate.swift in Sources */ = {isa = PBXBuildFile; fileRef = 32C032BA2C85B3C300BBC249 /* SceneDelegate.swift */; };
		32C032C22C85B3C400BBC249 /* Assets.xcassets in Resources */ = {isa = PBXBuildFile; fileRef = 32C032C12C85B3C400BBC249 /* Assets.xcassets */; };
		32C032C52C85B3C400BBC249 /* Base in Resources */ = {isa = PBXBuildFile; fileRef = 32C032C42C85B3C400BBC249 /* Base */; };
		32C032CE2C85BD5700BBC249 /* ProductListView.swift in Sources */ = {isa = PBXBuildFile; fileRef = 32C032CD2C85BD5700BBC249 /* ProductListView.swift */; };
		32C032D02C85BD6200BBC249 /* ProductListInteractor.swift in Sources */ = {isa = PBXBuildFile; fileRef = 32C032CF2C85BD6200BBC249 /* ProductListInteractor.swift */; };
		32C032D22C85BD6D00BBC249 /* ProductListPresenter.swift in Sources */ = {isa = PBXBuildFile; fileRef = 32C032D12C85BD6D00BBC249 /* ProductListPresenter.swift */; };
		32C032D42C85BD7700BBC249 /* ProductListEntity.swift in Sources */ = {isa = PBXBuildFile; fileRef = 32C032D32C85BD7700BBC249 /* ProductListEntity.swift */; };
		32C032D62C85BD7E00BBC249 /* ProductListRouter.swift in Sources */ = {isa = PBXBuildFile; fileRef = 32C032D52C85BD7E00BBC249 /* ProductListRouter.swift */; };
		32C032D92C8AFE6F00BBC249 /* HTTPMethod.swift in Sources */ = {isa = PBXBuildFile; fileRef = 32C032D82C8AFE6F00BBC249 /* HTTPMethod.swift */; };
		32C032DB2C8AFE8600BBC249 /* NetworkRequest.swift in Sources */ = {isa = PBXBuildFile; fileRef = 32C032DA2C8AFE8600BBC249 /* NetworkRequest.swift */; };
		32C032DD2C8AFEA100BBC249 /* NetworkManager.swift in Sources */ = {isa = PBXBuildFile; fileRef = 32C032DC2C8AFEA100BBC249 /* NetworkManager.swift */; };
		32C032DF2C8AFEC100BBC249 /* NetworkSessionManager.swift in Sources */ = {isa = PBXBuildFile; fileRef = 32C032DE2C8AFEC100BBC249 /* NetworkSessionManager.swift */; };
		32C032E22C8AFEF400BBC249 /* Dictionary+Exntensions.swift in Sources */ = {isa = PBXBuildFile; fileRef = 32C032E12C8AFEF400BBC249 /* Dictionary+Exntensions.swift */; };
		32C032E42C8AFF0800BBC249 /* NetworkError.swift in Sources */ = {isa = PBXBuildFile; fileRef = 32C032E32C8AFF0800BBC249 /* NetworkError.swift */; };
		32C032E82C8B011900BBC249 /* URLGenerator.swift in Sources */ = {isa = PBXBuildFile; fileRef = 32C032E72C8B011900BBC249 /* URLGenerator.swift */; };
		32C032EB2C8B236700BBC249 /* Kingfisher in Frameworks */ = {isa = PBXBuildFile; productRef = 32C032EA2C8B236700BBC249 /* Kingfisher */; };
		32C032ED2C8B238E00BBC249 /* ProductListViewCell.swift in Sources */ = {isa = PBXBuildFile; fileRef = 32C032EC2C8B238E00BBC249 /* ProductListViewCell.swift */; };
		32C032EF2C8B276600BBC249 /* URL+Extensions.swift in Sources */ = {isa = PBXBuildFile; fileRef = 32C032EE2C8B276600BBC249 /* URL+Extensions.swift */; };
		32C032F12C9434AA00BBC249 /* Double+Extensions.swift in Sources */ = {isa = PBXBuildFile; fileRef = 32C032F02C9434AA00BBC249 /* Double+Extensions.swift */; };
/* End PBXBuildFile section */

/* Begin PBXFileReference section */
		32C032B52C85B3C300BBC249 /* ProductViper.app */ = {isa = PBXFileReference; explicitFileType = wrapper.application; includeInIndex = 0; path = ProductViper.app; sourceTree = BUILT_PRODUCTS_DIR; };
		32C032B82C85B3C300BBC249 /* AppDelegate.swift */ = {isa = PBXFileReference; lastKnownFileType = sourcecode.swift; path = AppDelegate.swift; sourceTree = "<group>"; };
		32C032BA2C85B3C300BBC249 /* SceneDelegate.swift */ = {isa = PBXFileReference; lastKnownFileType = sourcecode.swift; path = SceneDelegate.swift; sourceTree = "<group>"; };
		32C032C12C85B3C400BBC249 /* Assets.xcassets */ = {isa = PBXFileReference; lastKnownFileType = folder.assetcatalog; path = Assets.xcassets; sourceTree = "<group>"; };
		32C032C42C85B3C400BBC249 /* Base */ = {isa = PBXFileReference; lastKnownFileType = file.storyboard; name = Base; path = Base.lproj/LaunchScreen.storyboard; sourceTree = "<group>"; };
		32C032C62C85B3C400BBC249 /* Info.plist */ = {isa = PBXFileReference; lastKnownFileType = text.plist.xml; path = Info.plist; sourceTree = "<group>"; };
		32C032CD2C85BD5700BBC249 /* ProductListView.swift */ = {isa = PBXFileReference; lastKnownFileType = sourcecode.swift; path = ProductListView.swift; sourceTree = "<group>"; };
		32C032CF2C85BD6200BBC249 /* ProductListInteractor.swift */ = {isa = PBXFileReference; lastKnownFileType = sourcecode.swift; path = ProductListInteractor.swift; sourceTree = "<group>"; };
		32C032D12C85BD6D00BBC249 /* ProductListPresenter.swift */ = {isa = PBXFileReference; lastKnownFileType = sourcecode.swift; path = ProductListPresenter.swift; sourceTree = "<group>"; };
		32C032D32C85BD7700BBC249 /* ProductListEntity.swift */ = {isa = PBXFileReference; lastKnownFileType = sourcecode.swift; path = ProductListEntity.swift; sourceTree = "<group>"; };
		32C032D52C85BD7E00BBC249 /* ProductListRouter.swift */ = {isa = PBXFileReference; lastKnownFileType = sourcecode.swift; path = ProductListRouter.swift; sourceTree = "<group>"; };
		32C032D82C8AFE6F00BBC249 /* HTTPMethod.swift */ = {isa = PBXFileReference; lastKnownFileType = sourcecode.swift; path = HTTPMethod.swift; sourceTree = "<group>"; };
		32C032DA2C8AFE8600BBC249 /* NetworkRequest.swift */ = {isa = PBXFileReference; lastKnownFileType = sourcecode.swift; path = NetworkRequest.swift; sourceTree = "<group>"; };
		32C032DC2C8AFEA100BBC249 /* NetworkManager.swift */ = {isa = PBXFileReference; lastKnownFileType = sourcecode.swift; path = NetworkManager.swift; sourceTree = "<group>"; };
		32C032DE2C8AFEC100BBC249 /* NetworkSessionManager.swift */ = {isa = PBXFileReference; lastKnownFileType = sourcecode.swift; path = NetworkSessionManager.swift; sourceTree = "<group>"; };
		32C032E12C8AFEF400BBC249 /* Dictionary+Exntensions.swift */ = {isa = PBXFileReference; lastKnownFileType = sourcecode.swift; path = "Dictionary+Exntensions.swift"; sourceTree = "<group>"; };
		32C032E32C8AFF0800BBC249 /* NetworkError.swift */ = {isa = PBXFileReference; lastKnownFileType = sourcecode.swift; path = NetworkError.swift; sourceTree = "<group>"; };
		32C032E72C8B011900BBC249 /* URLGenerator.swift */ = {isa = PBXFileReference; lastKnownFileType = sourcecode.swift; path = URLGenerator.swift; sourceTree = "<group>"; };
		32C032EC2C8B238E00BBC249 /* ProductListViewCell.swift */ = {isa = PBXFileReference; lastKnownFileType = sourcecode.swift; path = ProductListViewCell.swift; sourceTree = "<group>"; };
		32C032EE2C8B276600BBC249 /* URL+Extensions.swift */ = {isa = PBXFileReference; lastKnownFileType = sourcecode.swift; path = "URL+Extensions.swift"; sourceTree = "<group>"; };
		32C032F02C9434AA00BBC249 /* Double+Extensions.swift */ = {isa = PBXFileReference; lastKnownFileType = sourcecode.swift; path = "Double+Extensions.swift"; sourceTree = "<group>"; };
/* End PBXFileReference section */

/* Begin PBXFrameworksBuildPhase section */
		32C032B22C85B3C300BBC249 /* Frameworks */ = {
			isa = PBXFrameworksBuildPhase;
			buildActionMask = 2147483647;
			files = (
				32C032EB2C8B236700BBC249 /* Kingfisher in Frameworks */,
			);
			runOnlyForDeploymentPostprocessing = 0;
		};
/* End PBXFrameworksBuildPhase section */

/* Begin PBXGroup section */
		32C032AC2C85B3C300BBC249 = {
			isa = PBXGroup;
			children = (
				32C032B72C85B3C300BBC249 /* ProductViper */,
				32C032B62C85B3C300BBC249 /* Products */,
			);
			sourceTree = "<group>";
		};
		32C032B62C85B3C300BBC249 /* Products */ = {
			isa = PBXGroup;
			children = (
				32C032B52C85B3C300BBC249 /* ProductViper.app */,
			);
			name = Products;
			sourceTree = "<group>";
		};
		32C032B72C85B3C300BBC249 /* ProductViper */ = {
			isa = PBXGroup;
			children = (
				32C032E02C8AFEE000BBC249 /* Extensions */,
				32C032D72C8A08F800BBC249 /* Networking */,
				32C032F22CB82D3200BBC249 /* ProductDetail */,
				32C032CC2C85BD0800BBC249 /* ProductList */,
				32C032B82C85B3C300BBC249 /* AppDelegate.swift */,
				32C032BA2C85B3C300BBC249 /* SceneDelegate.swift */,
				32C032C12C85B3C400BBC249 /* Assets.xcassets */,
				32C032C32C85B3C400BBC249 /* LaunchScreen.storyboard */,
				32C032C62C85B3C400BBC249 /* Info.plist */,
			);
			path = ProductViper;
			sourceTree = "<group>";
		};
		32C032CC2C85BD0800BBC249 /* ProductList */ = {
			isa = PBXGroup;
			children = (
				32C032CD2C85BD5700BBC249 /* ProductListView.swift */,
				32C032CF2C85BD6200BBC249 /* ProductListInteractor.swift */,
				32C032D12C85BD6D00BBC249 /* ProductListPresenter.swift */,
				32C032D32C85BD7700BBC249 /* ProductListEntity.swift */,
				32C032D52C85BD7E00BBC249 /* ProductListRouter.swift */,
				32C032EC2C8B238E00BBC249 /* ProductListViewCell.swift */,
			);
			path = ProductList;
			sourceTree = "<group>";
		};
		32C032D72C8A08F800BBC249 /* Networking */ = {
			isa = PBXGroup;
			children = (
				32C032D82C8AFE6F00BBC249 /* HTTPMethod.swift */,
				32C032DA2C8AFE8600BBC249 /* NetworkRequest.swift */,
				32C032DC2C8AFEA100BBC249 /* NetworkManager.swift */,
				32C032DE2C8AFEC100BBC249 /* NetworkSessionManager.swift */,
				32C032E32C8AFF0800BBC249 /* NetworkError.swift */,
				32C032E72C8B011900BBC249 /* URLGenerator.swift */,
			);
			path = Networking;
			sourceTree = "<group>";
		};
		32C032E02C8AFEE000BBC249 /* Extensions */ = {
			isa = PBXGroup;
			children = (
				32C032E12C8AFEF400BBC249 /* Dictionary+Exntensions.swift */,
				32C032EE2C8B276600BBC249 /* URL+Extensions.swift */,
				32C032F02C9434AA00BBC249 /* Double+Extensions.swift */,
			);
			path = Extensions;
			sourceTree = "<group>";
		};
		32C032F22CB82D3200BBC249 /* ProductDetail */ = {
			isa = PBXGroup;
			children = (
			);
			path = ProductDetail;
			sourceTree = "<group>";
		};
/* End PBXGroup section */

/* Begin PBXNativeTarget section */
		32C032B42C85B3C300BBC249 /* ProductViper */ = {
			isa = PBXNativeTarget;
			buildConfigurationList = 32C032C92C85B3C400BBC249 /* Build configuration list for PBXNativeTarget "ProductViper" */;
			buildPhases = (
				32C032B12C85B3C300BBC249 /* Sources */,
				32C032B22C85B3C300BBC249 /* Frameworks */,
				32C032B32C85B3C300BBC249 /* Resources */,
			);
			buildRules = (
			);
			dependencies = (
			);
			name = ProductViper;
			packageProductDependencies = (
				32C032EA2C8B236700BBC249 /* Kingfisher */,
			);
			productName = ProductViper;
			productReference = 32C032B52C85B3C300BBC249 /* ProductViper.app */;
			productType = "com.apple.product-type.application";
		};
/* End PBXNativeTarget section */

/* Begin PBXProject section */
		32C032AD2C85B3C300BBC249 /* Project object */ = {
			isa = PBXProject;
			attributes = {
				BuildIndependentTargetsInParallel = 1;
				LastSwiftUpdateCheck = 1540;
				LastUpgradeCheck = 1540;
				TargetAttributes = {
					32C032B42C85B3C300BBC249 = {
						CreatedOnToolsVersion = 15.4;
					};
				};
			};
			buildConfigurationList = 32C032B02C85B3C300BBC249 /* Build configuration list for PBXProject "ProductViper" */;
			compatibilityVersion = "Xcode 14.0";
			developmentRegion = en;
			hasScannedForEncodings = 0;
			knownRegions = (
				en,
				Base,
			);
			mainGroup = 32C032AC2C85B3C300BBC249;
			packageReferences = (
				32C032E92C8B236700BBC249 /* XCRemoteSwiftPackageReference "Kingfisher" */,
			);
			productRefGroup = 32C032B62C85B3C300BBC249 /* Products */;
			projectDirPath = "";
			projectRoot = "";
			targets = (
				32C032B42C85B3C300BBC249 /* ProductViper */,
			);
		};
/* End PBXProject section */

/* Begin PBXResourcesBuildPhase section */
		32C032B32C85B3C300BBC249 /* Resources */ = {
			isa = PBXResourcesBuildPhase;
			buildActionMask = 2147483647;
			files = (
				32C032C22C85B3C400BBC249 /* Assets.xcassets in Resources */,
				32C032C52C85B3C400BBC249 /* Base in Resources */,
			);
			runOnlyForDeploymentPostprocessing = 0;
		};
/* End PBXResourcesBuildPhase section */

/* Begin PBXSourcesBuildPhase section */
		32C032B12C85B3C300BBC249 /* Sources */ = {
			isa = PBXSourcesBuildPhase;
			buildActionMask = 2147483647;
			files = (
				32C032DF2C8AFEC100BBC249 /* NetworkSessionManager.swift in Sources */,
				32C032D62C85BD7E00BBC249 /* ProductListRouter.swift in Sources */,
				32C032D42C85BD7700BBC249 /* ProductListEntity.swift in Sources */,
				32C032DD2C8AFEA100BBC249 /* NetworkManager.swift in Sources */,
				32C032CE2C85BD5700BBC249 /* ProductListView.swift in Sources */,
				32C032F12C9434AA00BBC249 /* Double+Extensions.swift in Sources */,
				32C032B92C85B3C300BBC249 /* AppDelegate.swift in Sources */,
				32C032D92C8AFE6F00BBC249 /* HTTPMethod.swift in Sources */,
				32C032E82C8B011900BBC249 /* URLGenerator.swift in Sources */,
				32C032ED2C8B238E00BBC249 /* ProductListViewCell.swift in Sources */,
				32C032D02C85BD6200BBC249 /* ProductListInteractor.swift in Sources */,
				32C032D22C85BD6D00BBC249 /* ProductListPresenter.swift in Sources */,
				32C032DB2C8AFE8600BBC249 /* NetworkRequest.swift in Sources */,
				32C032E42C8AFF0800BBC249 /* NetworkError.swift in Sources */,
				32C032EF2C8B276600BBC249 /* URL+Extensions.swift in Sources */,
				32C032E22C8AFEF400BBC249 /* Dictionary+Exntensions.swift in Sources */,
				32C032BB2C85B3C300BBC249 /* SceneDelegate.swift in Sources */,
			);
			runOnlyForDeploymentPostprocessing = 0;
		};
/* End PBXSourcesBuildPhase section */

/* Begin PBXVariantGroup section */
		32C032C32C85B3C400BBC249 /* LaunchScreen.storyboard */ = {
			isa = PBXVariantGroup;
			children = (
				32C032C42C85B3C400BBC249 /* Base */,
			);
			name = LaunchScreen.storyboard;
			sourceTree = "<group>";
		};
/* End PBXVariantGroup section */

/* Begin XCBuildConfiguration section */
		32C032C72C85B3C400BBC249 /* Debug */ = {
			isa = XCBuildConfiguration;
			buildSettings = {
				ALWAYS_SEARCH_USER_PATHS = NO;
				ASSETCATALOG_COMPILER_GENERATE_SWIFT_ASSET_SYMBOL_EXTENSIONS = YES;
				CLANG_ANALYZER_NONNULL = YES;
				CLANG_ANALYZER_NUMBER_OBJECT_CONVERSION = YES_AGGRESSIVE;
				CLANG_CXX_LANGUAGE_STANDARD = "gnu++20";
				CLANG_ENABLE_MODULES = YES;
				CLANG_ENABLE_OBJC_ARC = YES;
				CLANG_ENABLE_OBJC_WEAK = YES;
				CLANG_WARN_BLOCK_CAPTURE_AUTORELEASING = YES;
				CLANG_WARN_BOOL_CONVERSION = YES;
				CLANG_WARN_COMMA = YES;
				CLANG_WARN_CONSTANT_CONVERSION = YES;
				CLANG_WARN_DEPRECATED_OBJC_IMPLEMENTATIONS = YES;
				CLANG_WARN_DIRECT_OBJC_ISA_USAGE = YES_ERROR;
				CLANG_WARN_DOCUMENTATION_COMMENTS = YES;
				CLANG_WARN_EMPTY_BODY = YES;
				CLANG_WARN_ENUM_CONVERSION = YES;
				CLANG_WARN_INFINITE_RECURSION = YES;
				CLANG_WARN_INT_CONVERSION = YES;
				CLANG_WARN_NON_LITERAL_NULL_CONVERSION = YES;
				CLANG_WARN_OBJC_IMPLICIT_RETAIN_SELF = YES;
				CLANG_WARN_OBJC_LITERAL_CONVERSION = YES;
				CLANG_WARN_OBJC_ROOT_CLASS = YES_ERROR;
				CLANG_WARN_QUOTED_INCLUDE_IN_FRAMEWORK_HEADER = YES;
				CLANG_WARN_RANGE_LOOP_ANALYSIS = YES;
				CLANG_WARN_STRICT_PROTOTYPES = YES;
				CLANG_WARN_SUSPICIOUS_MOVE = YES;
				CLANG_WARN_UNGUARDED_AVAILABILITY = YES_AGGRESSIVE;
				CLANG_WARN_UNREACHABLE_CODE = YES;
				CLANG_WARN__DUPLICATE_METHOD_MATCH = YES;
				COPY_PHASE_STRIP = NO;
				DEBUG_INFORMATION_FORMAT = dwarf;
				ENABLE_STRICT_OBJC_MSGSEND = YES;
				ENABLE_TESTABILITY = YES;
				ENABLE_USER_SCRIPT_SANDBOXING = YES;
				GCC_C_LANGUAGE_STANDARD = gnu17;
				GCC_DYNAMIC_NO_PIC = NO;
				GCC_NO_COMMON_BLOCKS = YES;
				GCC_OPTIMIZATION_LEVEL = 0;
				GCC_PREPROCESSOR_DEFINITIONS = (
					"DEBUG=1",
					"$(inherited)",
				);
				GCC_WARN_64_TO_32_BIT_CONVERSION = YES;
				GCC_WARN_ABOUT_RETURN_TYPE = YES_ERROR;
				GCC_WARN_UNDECLARED_SELECTOR = YES;
				GCC_WARN_UNINITIALIZED_AUTOS = YES_AGGRESSIVE;
				GCC_WARN_UNUSED_FUNCTION = YES;
				GCC_WARN_UNUSED_VARIABLE = YES;
				IPHONEOS_DEPLOYMENT_TARGET = 17.5;
				LOCALIZATION_PREFERS_STRING_CATALOGS = YES;
				MTL_ENABLE_DEBUG_INFO = INCLUDE_SOURCE;
				MTL_FAST_MATH = YES;
				ONLY_ACTIVE_ARCH = YES;
				SDKROOT = iphoneos;
				SWIFT_ACTIVE_COMPILATION_CONDITIONS = "DEBUG $(inherited)";
				SWIFT_OPTIMIZATION_LEVEL = "-Onone";
			};
			name = Debug;
		};
		32C032C82C85B3C400BBC249 /* Release */ = {
			isa = XCBuildConfiguration;
			buildSettings = {
				ALWAYS_SEARCH_USER_PATHS = NO;
				ASSETCATALOG_COMPILER_GENERATE_SWIFT_ASSET_SYMBOL_EXTENSIONS = YES;
				CLANG_ANALYZER_NONNULL = YES;
				CLANG_ANALYZER_NUMBER_OBJECT_CONVERSION = YES_AGGRESSIVE;
				CLANG_CXX_LANGUAGE_STANDARD = "gnu++20";
				CLANG_ENABLE_MODULES = YES;
				CLANG_ENABLE_OBJC_ARC = YES;
				CLANG_ENABLE_OBJC_WEAK = YES;
				CLANG_WARN_BLOCK_CAPTURE_AUTORELEASING = YES;
				CLANG_WARN_BOOL_CONVERSION = YES;
				CLANG_WARN_COMMA = YES;
				CLANG_WARN_CONSTANT_CONVERSION = YES;
				CLANG_WARN_DEPRECATED_OBJC_IMPLEMENTATIONS = YES;
				CLANG_WARN_DIRECT_OBJC_ISA_USAGE = YES_ERROR;
				CLANG_WARN_DOCUMENTATION_COMMENTS = YES;
				CLANG_WARN_EMPTY_BODY = YES;
				CLANG_WARN_ENUM_CONVERSION = YES;
				CLANG_WARN_INFINITE_RECURSION = YES;
				CLANG_WARN_INT_CONVERSION = YES;
				CLANG_WARN_NON_LITERAL_NULL_CONVERSION = YES;
				CLANG_WARN_OBJC_IMPLICIT_RETAIN_SELF = YES;
				CLANG_WARN_OBJC_LITERAL_CONVERSION = YES;
				CLANG_WARN_OBJC_ROOT_CLASS = YES_ERROR;
				CLANG_WARN_QUOTED_INCLUDE_IN_FRAMEWORK_HEADER = YES;
				CLANG_WARN_RANGE_LOOP_ANALYSIS = YES;
				CLANG_WARN_STRICT_PROTOTYPES = YES;
				CLANG_WARN_SUSPICIOUS_MOVE = YES;
				CLANG_WARN_UNGUARDED_AVAILABILITY = YES_AGGRESSIVE;
				CLANG_WARN_UNREACHABLE_CODE = YES;
				CLANG_WARN__DUPLICATE_METHOD_MATCH = YES;
				COPY_PHASE_STRIP = NO;
				DEBUG_INFORMATION_FORMAT = "dwarf-with-dsym";
				ENABLE_NS_ASSERTIONS = NO;
				ENABLE_STRICT_OBJC_MSGSEND = YES;
				ENABLE_USER_SCRIPT_SANDBOXING = YES;
				GCC_C_LANGUAGE_STANDARD = gnu17;
				GCC_NO_COMMON_BLOCKS = YES;
				GCC_WARN_64_TO_32_BIT_CONVERSION = YES;
				GCC_WARN_ABOUT_RETURN_TYPE = YES_ERROR;
				GCC_WARN_UNDECLARED_SELECTOR = YES;
				GCC_WARN_UNINITIALIZED_AUTOS = YES_AGGRESSIVE;
				GCC_WARN_UNUSED_FUNCTION = YES;
				GCC_WARN_UNUSED_VARIABLE = YES;
				IPHONEOS_DEPLOYMENT_TARGET = 17.5;
				LOCALIZATION_PREFERS_STRING_CATALOGS = YES;
				MTL_ENABLE_DEBUG_INFO = NO;
				MTL_FAST_MATH = YES;
				SDKROOT = iphoneos;
				SWIFT_COMPILATION_MODE = wholemodule;
				VALIDATE_PRODUCT = YES;
			};
			name = Release;
		};
		32C032CA2C85B3C400BBC249 /* Debug */ = {
			isa = XCBuildConfiguration;
			buildSettings = {
				ASSETCATALOG_COMPILER_APPICON_NAME = AppIcon;
				ASSETCATALOG_COMPILER_GLOBAL_ACCENT_COLOR_NAME = AccentColor;
				CODE_SIGN_STYLE = Automatic;
				CURRENT_PROJECT_VERSION = 1;
				GENERATE_INFOPLIST_FILE = YES;
				INFOPLIST_FILE = ProductViper/Info.plist;
				INFOPLIST_KEY_UIApplicationSupportsIndirectInputEvents = YES;
				INFOPLIST_KEY_UILaunchStoryboardName = LaunchScreen;
				INFOPLIST_KEY_UISupportedInterfaceOrientations_iPad = "UIInterfaceOrientationPortrait UIInterfaceOrientationPortraitUpsideDown UIInterfaceOrientationLandscapeLeft UIInterfaceOrientationLandscapeRight";
				INFOPLIST_KEY_UISupportedInterfaceOrientations_iPhone = "UIInterfaceOrientationPortrait UIInterfaceOrientationLandscapeLeft UIInterfaceOrientationLandscapeRight";
				LD_RUNPATH_SEARCH_PATHS = (
					"$(inherited)",
					"@executable_path/Frameworks",
				);
				MARKETING_VERSION = 1.0;
				PRODUCT_BUNDLE_IDENTIFIER = com.telokan.ProductViper;
				PRODUCT_NAME = "$(TARGET_NAME)";
				SWIFT_EMIT_LOC_STRINGS = YES;
				SWIFT_VERSION = 5.0;
				TARGETED_DEVICE_FAMILY = "1,2";
			};
			name = Debug;
		};
		32C032CB2C85B3C400BBC249 /* Release */ = {
			isa = XCBuildConfiguration;
			buildSettings = {
				ASSETCATALOG_COMPILER_APPICON_NAME = AppIcon;
				ASSETCATALOG_COMPILER_GLOBAL_ACCENT_COLOR_NAME = AccentColor;
				CODE_SIGN_STYLE = Automatic;
				CURRENT_PROJECT_VERSION = 1;
				GENERATE_INFOPLIST_FILE = YES;
				INFOPLIST_FILE = ProductViper/Info.plist;
				INFOPLIST_KEY_UIApplicationSupportsIndirectInputEvents = YES;
				INFOPLIST_KEY_UILaunchStoryboardName = LaunchScreen;
				INFOPLIST_KEY_UISupportedInterfaceOrientations_iPad = "UIInterfaceOrientationPortrait UIInterfaceOrientationPortraitUpsideDown UIInterfaceOrientationLandscapeLeft UIInterfaceOrientationLandscapeRight";
				INFOPLIST_KEY_UISupportedInterfaceOrientations_iPhone = "UIInterfaceOrientationPortrait UIInterfaceOrientationLandscapeLeft UIInterfaceOrientationLandscapeRight";
				LD_RUNPATH_SEARCH_PATHS = (
					"$(inherited)",
					"@executable_path/Frameworks",
				);
				MARKETING_VERSION = 1.0;
				PRODUCT_BUNDLE_IDENTIFIER = com.telokan.ProductViper;
				PRODUCT_NAME = "$(TARGET_NAME)";
				SWIFT_EMIT_LOC_STRINGS = YES;
				SWIFT_VERSION = 5.0;
				TARGETED_DEVICE_FAMILY = "1,2";
			};
			name = Release;
		};
/* End XCBuildConfiguration section */

/* Begin XCConfigurationList section */
		32C032B02C85B3C300BBC249 /* Build configuration list for PBXProject "ProductViper" */ = {
			isa = XCConfigurationList;
			buildConfigurations = (
				32C032C72C85B3C400BBC249 /* Debug */,
				32C032C82C85B3C400BBC249 /* Release */,
			);
			defaultConfigurationIsVisible = 0;
			defaultConfigurationName = Release;
		};
		32C032C92C85B3C400BBC249 /* Build configuration list for PBXNativeTarget "ProductViper" */ = {
			isa = XCConfigurationList;
			buildConfigurations = (
				32C032CA2C85B3C400BBC249 /* Debug */,
				32C032CB2C85B3C400BBC249 /* Release */,
			);
			defaultConfigurationIsVisible = 0;
			defaultConfigurationName = Release;
		};
/* End XCConfigurationList section */

/* Begin XCRemoteSwiftPackageReference section */
		32C032E92C8B236700BBC249 /* XCRemoteSwiftPackageReference "Kingfisher" */ = {
			isa = XCRemoteSwiftPackageReference;
			repositoryURL = "https://github.com/onevcat/Kingfisher.git";
			requirement = {
				kind = upToNextMajorVersion;
				minimumVersion = 7.12.0;
			};
		};
/* End XCRemoteSwiftPackageReference section */

/* Begin XCSwiftPackageProductDependency section */
		32C032EA2C8B236700BBC249 /* Kingfisher */ = {
			isa = XCSwiftPackageProductDependency;
			package = 32C032E92C8B236700BBC249 /* XCRemoteSwiftPackageReference "Kingfisher" */;
			productName = Kingfisher;
		};
/* End XCSwiftPackageProductDependency section */
	};
	rootObject = 32C032AD2C85B3C300BBC249 /* Project object */;
}
